// !$*UTF8*$!
{
	archiveVersion = 1;
	classes = {
	};
	objectVersion = 46;
	objects = {

/* Begin PBXBuildFile section */
		D3E7BF31156315590046E50C /* TODO in Resources */ = {isa = PBXBuildFile; fileRef = D3E7BF30156315590046E50C /* TODO */; };
		D48FE7641543AF5900CE438E /* Cocoa.framework in Frameworks */ = {isa = PBXBuildFile; fileRef = D48FE7631543AF5900CE438E /* Cocoa.framework */; };
		D48FE76E1543AF5900CE438E /* InfoPlist.strings in Resources */ = {isa = PBXBuildFile; fileRef = D48FE76C1543AF5900CE438E /* InfoPlist.strings */; };
		D48FE7701543AF5900CE438E /* main.m in Sources */ = {isa = PBXBuildFile; fileRef = D48FE76F1543AF5900CE438E /* main.m */; };
		D48FE7741543AF5900CE438E /* Credits.rtf in Resources */ = {isa = PBXBuildFile; fileRef = D48FE7721543AF5900CE438E /* Credits.rtf */; };
		D48FE7771543AF5900CE438E /* DYSAppDelegate.m in Sources */ = {isa = PBXBuildFile; fileRef = D48FE7761543AF5900CE438E /* DYSAppDelegate.m */; };
		D48FE77A1543AF5900CE438E /* MainMenu.xib in Resources */ = {isa = PBXBuildFile; fileRef = D48FE7781543AF5900CE438E /* MainMenu.xib */; };
		D48FE7861543B27600CE438E /* DYSView.m in Sources */ = {isa = PBXBuildFile; fileRef = D48FE7851543B27600CE438E /* DYSView.m */; };
		D4D93AC2156CAF460060FF61 /* SenTestingKit.framework in Frameworks */ = {isa = PBXBuildFile; fileRef = D4D93AC1156CAF460060FF61 /* SenTestingKit.framework */; };
		D4D93AC3156CAF460060FF61 /* Cocoa.framework in Frameworks */ = {isa = PBXBuildFile; fileRef = D48FE7631543AF5900CE438E /* Cocoa.framework */; };
		D4D93AC9156CAF460060FF61 /* InfoPlist.strings in Resources */ = {isa = PBXBuildFile; fileRef = D4D93AC7156CAF460060FF61 /* InfoPlist.strings */; };
		D4D93AED156CAF8E0060FF61 /* RXAssertions.m in Sources */ = {isa = PBXBuildFile; fileRef = D4D93ADB156CAF8E0060FF61 /* RXAssertions.m */; };
/* End PBXBuildFile section */

/* Begin PBXContainerItemProxy section */
		D4D93AD2156CAF6C0060FF61 /* PBXContainerItemProxy */ = {
			isa = PBXContainerItemProxy;
			containerPortal = D48FE7561543AF5900CE438E /* Project object */;
			proxyType = 1;
			remoteGlobalIDString = D48FE75E1543AF5900CE438E;
			remoteInfo = Triangulator;
		};
/* End PBXContainerItemProxy section */

/* Begin PBXFileReference section */
		D3E7BF30156315590046E50C /* TODO */ = {isa = PBXFileReference; fileEncoding = 4; lastKnownFileType = text; path = TODO; sourceTree = "<group>"; };
		D48FE75F1543AF5900CE438E /* Triangulator.app */ = {isa = PBXFileReference; explicitFileType = wrapper.application; includeInIndex = 0; path = Triangulator.app; sourceTree = BUILT_PRODUCTS_DIR; };
		D48FE7631543AF5900CE438E /* Cocoa.framework */ = {isa = PBXFileReference; lastKnownFileType = wrapper.framework; name = Cocoa.framework; path = System/Library/Frameworks/Cocoa.framework; sourceTree = SDKROOT; };
		D48FE7661543AF5900CE438E /* AppKit.framework */ = {isa = PBXFileReference; lastKnownFileType = wrapper.framework; name = AppKit.framework; path = System/Library/Frameworks/AppKit.framework; sourceTree = SDKROOT; };
		D48FE7671543AF5900CE438E /* CoreData.framework */ = {isa = PBXFileReference; lastKnownFileType = wrapper.framework; name = CoreData.framework; path = System/Library/Frameworks/CoreData.framework; sourceTree = SDKROOT; };
		D48FE7681543AF5900CE438E /* Foundation.framework */ = {isa = PBXFileReference; lastKnownFileType = wrapper.framework; name = Foundation.framework; path = System/Library/Frameworks/Foundation.framework; sourceTree = SDKROOT; };
		D48FE76B1543AF5900CE438E /* Triangulator-Info.plist */ = {isa = PBXFileReference; lastKnownFileType = text.plist.xml; path = "Triangulator-Info.plist"; sourceTree = "<group>"; };
		D48FE76D1543AF5900CE438E /* en */ = {isa = PBXFileReference; lastKnownFileType = text.plist.strings; name = en; path = en.lproj/InfoPlist.strings; sourceTree = "<group>"; };
		D48FE76F1543AF5900CE438E /* main.m */ = {isa = PBXFileReference; lastKnownFileType = sourcecode.c.objc; path = main.m; sourceTree = "<group>"; };
		D48FE7711543AF5900CE438E /* Triangulator-Prefix.pch */ = {isa = PBXFileReference; lastKnownFileType = sourcecode.c.h; path = "Triangulator-Prefix.pch"; sourceTree = "<group>"; };
		D48FE7731543AF5900CE438E /* en */ = {isa = PBXFileReference; lastKnownFileType = text.rtf; name = en; path = en.lproj/Credits.rtf; sourceTree = "<group>"; };
		D48FE7751543AF5900CE438E /* DYSAppDelegate.h */ = {isa = PBXFileReference; lastKnownFileType = sourcecode.c.h; path = DYSAppDelegate.h; sourceTree = "<group>"; };
		D48FE7761543AF5900CE438E /* DYSAppDelegate.m */ = {isa = PBXFileReference; lastKnownFileType = sourcecode.c.objc; path = DYSAppDelegate.m; sourceTree = "<group>"; };
		D48FE7791543AF5900CE438E /* en */ = {isa = PBXFileReference; lastKnownFileType = file.xib; name = en; path = en.lproj/MainMenu.xib; sourceTree = "<group>"; };
		D48FE7841543B27600CE438E /* DYSView.h */ = {isa = PBXFileReference; fileEncoding = 4; lastKnownFileType = sourcecode.c.h; path = DYSView.h; sourceTree = "<group>"; };
		D48FE7851543B27600CE438E /* DYSView.m */ = {isa = PBXFileReference; fileEncoding = 4; lastKnownFileType = sourcecode.c.objc; path = DYSView.m; sourceTree = "<group>"; };
		D4D93AC0156CAF460060FF61 /* TriangulatorTests.octest */ = {isa = PBXFileReference; explicitFileType = wrapper.cfbundle; includeInIndex = 0; path = TriangulatorTests.octest; sourceTree = BUILT_PRODUCTS_DIR; };
		D4D93AC1156CAF460060FF61 /* SenTestingKit.framework */ = {isa = PBXFileReference; lastKnownFileType = wrapper.framework; name = SenTestingKit.framework; path = Library/Frameworks/SenTestingKit.framework; sourceTree = DEVELOPER_DIR; };
		D4D93AC6156CAF460060FF61 /* TriangulatorTests-Info.plist */ = {isa = PBXFileReference; lastKnownFileType = text.plist.xml; path = "TriangulatorTests-Info.plist"; sourceTree = "<group>"; };
		D4D93AC8156CAF460060FF61 /* en */ = {isa = PBXFileReference; lastKnownFileType = text.plist.strings; name = en; path = en.lproj/InfoPlist.strings; sourceTree = "<group>"; };
		D4D93ACD156CAF460060FF61 /* TriangulatorTests-Prefix.pch */ = {isa = PBXFileReference; lastKnownFileType = sourcecode.c.h; path = "TriangulatorTests-Prefix.pch"; sourceTree = "<group>"; };
		D4D93ADA156CAF8E0060FF61 /* RXAssertions.h */ = {isa = PBXFileReference; fileEncoding = 4; lastKnownFileType = sourcecode.c.h; path = RXAssertions.h; sourceTree = "<group>"; };
		D4D93ADB156CAF8E0060FF61 /* RXAssertions.m */ = {isa = PBXFileReference; fileEncoding = 4; lastKnownFileType = sourcecode.c.objc; path = RXAssertions.m; sourceTree = "<group>"; };
/* End PBXFileReference section */

/* Begin PBXFrameworksBuildPhase section */
		D48FE75C1543AF5900CE438E /* Frameworks */ = {
			isa = PBXFrameworksBuildPhase;
			buildActionMask = 2147483647;
			files = (
				D48FE7641543AF5900CE438E /* Cocoa.framework in Frameworks */,
			);
			runOnlyForDeploymentPostprocessing = 0;
		};
		D4D93ABC156CAF460060FF61 /* Frameworks */ = {
			isa = PBXFrameworksBuildPhase;
			buildActionMask = 2147483647;
			files = (
				D4D93AC2156CAF460060FF61 /* SenTestingKit.framework in Frameworks */,
				D4D93AC3156CAF460060FF61 /* Cocoa.framework in Frameworks */,
			);
			runOnlyForDeploymentPostprocessing = 0;
		};
/* End PBXFrameworksBuildPhase section */

/* Begin PBXGroup section */
		D48FE7541543AF5900CE438E = {
			isa = PBXGroup;
			children = (
				D48FE7691543AF5900CE438E /* Triangulator */,
				D4D93AC4156CAF460060FF61 /* TriangulatorTests */,
				D4D93AD4156CAF8E0060FF61 /* External */,
				D48FE7621543AF5900CE438E /* Frameworks */,
				D48FE7601543AF5900CE438E /* Products */,
			);
			sourceTree = "<group>";
		};
		D48FE7601543AF5900CE438E /* Products */ = {
			isa = PBXGroup;
			children = (
				D48FE75F1543AF5900CE438E /* Triangulator.app */,
				D4D93AC0156CAF460060FF61 /* TriangulatorTests.octest */,
			);
			name = Products;
			sourceTree = "<group>";
		};
		D48FE7621543AF5900CE438E /* Frameworks */ = {
			isa = PBXGroup;
			children = (
				D48FE7631543AF5900CE438E /* Cocoa.framework */,
				D4D93AC1156CAF460060FF61 /* SenTestingKit.framework */,
				D48FE7651543AF5900CE438E /* Other Frameworks */,
			);
			name = Frameworks;
			sourceTree = "<group>";
		};
		D48FE7651543AF5900CE438E /* Other Frameworks */ = {
			isa = PBXGroup;
			children = (
				D48FE7661543AF5900CE438E /* AppKit.framework */,
				D48FE7671543AF5900CE438E /* CoreData.framework */,
				D48FE7681543AF5900CE438E /* Foundation.framework */,
			);
			name = "Other Frameworks";
			sourceTree = "<group>";
		};
		D48FE7691543AF5900CE438E /* Triangulator */ = {
			isa = PBXGroup;
			children = (
				D3E7BF30156315590046E50C /* TODO */,
				D48FE7841543B27600CE438E /* DYSView.h */,
				D48FE7851543B27600CE438E /* DYSView.m */,
				D48FE7751543AF5900CE438E /* DYSAppDelegate.h */,
				D48FE7761543AF5900CE438E /* DYSAppDelegate.m */,
				D48FE7781543AF5900CE438E /* MainMenu.xib */,
				D48FE76A1543AF5900CE438E /* Supporting Files */,
			);
			path = Triangulator;
			sourceTree = "<group>";
		};
		D48FE76A1543AF5900CE438E /* Supporting Files */ = {
			isa = PBXGroup;
			children = (
				D48FE76B1543AF5900CE438E /* Triangulator-Info.plist */,
				D48FE76C1543AF5900CE438E /* InfoPlist.strings */,
				D48FE76F1543AF5900CE438E /* main.m */,
				D48FE7711543AF5900CE438E /* Triangulator-Prefix.pch */,
				D48FE7721543AF5900CE438E /* Credits.rtf */,
			);
			name = "Supporting Files";
			sourceTree = "<group>";
		};
		D4D93AC4156CAF460060FF61 /* TriangulatorTests */ = {
			isa = PBXGroup;
			children = (
				D4D93AC5156CAF460060FF61 /* Supporting Files */,
			);
			path = TriangulatorTests;
			sourceTree = "<group>";
		};
		D4D93AC5156CAF460060FF61 /* Supporting Files */ = {
			isa = PBXGroup;
			children = (
				D4D93AC6156CAF460060FF61 /* TriangulatorTests-Info.plist */,
				D4D93AC7156CAF460060FF61 /* InfoPlist.strings */,
				D4D93ACD156CAF460060FF61 /* TriangulatorTests-Prefix.pch */,
			);
			name = "Supporting Files";
			sourceTree = "<group>";
		};
		D4D93AD4156CAF8E0060FF61 /* External */ = {
			isa = PBXGroup;
			children = (
				D4D93AD5156CAF8E0060FF61 /* RXAssertions */,
			);
			path = External;
			sourceTree = "<group>";
		};
		D4D93AD5156CAF8E0060FF61 /* RXAssertions */ = {
			isa = PBXGroup;
			children = (
				D4D93ADA156CAF8E0060FF61 /* RXAssertions.h */,
				D4D93ADB156CAF8E0060FF61 /* RXAssertions.m */,
			);
			path = RXAssertions;
			sourceTree = "<group>";
		};
/* End PBXGroup section */

/* Begin PBXNativeTarget section */
		D48FE75E1543AF5900CE438E /* Triangulator */ = {
			isa = PBXNativeTarget;
			buildConfigurationList = D48FE77D1543AF5900CE438E /* Build configuration list for PBXNativeTarget "Triangulator" */;
			buildPhases = (
				D48FE75B1543AF5900CE438E /* Sources */,
				D48FE75C1543AF5900CE438E /* Frameworks */,
				D48FE75D1543AF5900CE438E /* Resources */,
			);
			buildRules = (
			);
			dependencies = (
			);
			name = Triangulator;
			productName = Triangulator;
			productReference = D48FE75F1543AF5900CE438E /* Triangulator.app */;
			productType = "com.apple.product-type.application";
		};
		D4D93ABF156CAF460060FF61 /* TriangulatorTests */ = {
			isa = PBXNativeTarget;
			buildConfigurationList = D4D93AD0156CAF460060FF61 /* Build configuration list for PBXNativeTarget "TriangulatorTests" */;
			buildPhases = (
				D4D93ABB156CAF460060FF61 /* Sources */,
				D4D93ABC156CAF460060FF61 /* Frameworks */,
				D4D93ABD156CAF460060FF61 /* Resources */,
				D4D93ABE156CAF460060FF61 /* ShellScript */,
			);
			buildRules = (
			);
			dependencies = (
				D4D93AD3156CAF6C0060FF61 /* PBXTargetDependency */,
			);
			name = TriangulatorTests;
			productName = TriangulatorTests;
			productReference = D4D93AC0156CAF460060FF61 /* TriangulatorTests.octest */;
			productType = "com.apple.product-type.bundle";
		};
/* End PBXNativeTarget section */

/* Begin PBXProject section */
		D48FE7561543AF5900CE438E /* Project object */ = {
			isa = PBXProject;
			attributes = {
				CLASSPREFIX = DYS;
				LastUpgradeCheck = 0430;
				ORGANIZATIONNAME = "Black Pixel";
			};
			buildConfigurationList = D48FE7591543AF5900CE438E /* Build configuration list for PBXProject "Triangulator" */;
			compatibilityVersion = "Xcode 3.2";
			developmentRegion = English;
			hasScannedForEncodings = 0;
			knownRegions = (
				en,
			);
			mainGroup = D48FE7541543AF5900CE438E;
			productRefGroup = D48FE7601543AF5900CE438E /* Products */;
			projectDirPath = "";
			projectRoot = "";
			targets = (
				D48FE75E1543AF5900CE438E /* Triangulator */,
				D4D93ABF156CAF460060FF61 /* TriangulatorTests */,
			);
		};
/* End PBXProject section */

/* Begin PBXResourcesBuildPhase section */
		D48FE75D1543AF5900CE438E /* Resources */ = {
			isa = PBXResourcesBuildPhase;
			buildActionMask = 2147483647;
			files = (
				D48FE76E1543AF5900CE438E /* InfoPlist.strings in Resources */,
				D48FE7741543AF5900CE438E /* Credits.rtf in Resources */,
				D48FE77A1543AF5900CE438E /* MainMenu.xib in Resources */,
				D3E7BF31156315590046E50C /* TODO in Resources */,
			);
			runOnlyForDeploymentPostprocessing = 0;
		};
		D4D93ABD156CAF460060FF61 /* Resources */ = {
			isa = PBXResourcesBuildPhase;
			buildActionMask = 2147483647;
			files = (
				D4D93AC9156CAF460060FF61 /* InfoPlist.strings in Resources */,
			);
			runOnlyForDeploymentPostprocessing = 0;
		};
/* End PBXResourcesBuildPhase section */

/* Begin PBXShellScriptBuildPhase section */
		D4D93ABE156CAF460060FF61 /* ShellScript */ = {
			isa = PBXShellScriptBuildPhase;
			buildActionMask = 2147483647;
			files = (
			);
			inputPaths = (
			);
			outputPaths = (
			);
			runOnlyForDeploymentPostprocessing = 0;
			shellPath = /bin/sh;
			shellScript = "# Run the unit tests in this test bundle.\n\"${SYSTEM_DEVELOPER_DIR}/Tools/RunUnitTests\"\n";
		};
/* End PBXShellScriptBuildPhase section */

/* Begin PBXSourcesBuildPhase section */
		D48FE75B1543AF5900CE438E /* Sources */ = {
			isa = PBXSourcesBuildPhase;
			buildActionMask = 2147483647;
			files = (
				D48FE7701543AF5900CE438E /* main.m in Sources */,
				D48FE7771543AF5900CE438E /* DYSAppDelegate.m in Sources */,
				D48FE7861543B27600CE438E /* DYSView.m in Sources */,
			);
			runOnlyForDeploymentPostprocessing = 0;
		};
		D4D93ABB156CAF460060FF61 /* Sources */ = {
			isa = PBXSourcesBuildPhase;
			buildActionMask = 2147483647;
			files = (
				D4D93AED156CAF8E0060FF61 /* RXAssertions.m in Sources */,
			);
			runOnlyForDeploymentPostprocessing = 0;
		};
/* End PBXSourcesBuildPhase section */

/* Begin PBXTargetDependency section */
		D4D93AD3156CAF6C0060FF61 /* PBXTargetDependency */ = {
			isa = PBXTargetDependency;
			target = D48FE75E1543AF5900CE438E /* Triangulator */;
			targetProxy = D4D93AD2156CAF6C0060FF61 /* PBXContainerItemProxy */;
		};
/* End PBXTargetDependency section */

/* Begin PBXVariantGroup section */
		D48FE76C1543AF5900CE438E /* InfoPlist.strings */ = {
			isa = PBXVariantGroup;
			children = (
				D48FE76D1543AF5900CE438E /* en */,
			);
			name = InfoPlist.strings;
			sourceTree = "<group>";
		};
		D48FE7721543AF5900CE438E /* Credits.rtf */ = {
			isa = PBXVariantGroup;
			children = (
				D48FE7731543AF5900CE438E /* en */,
			);
			name = Credits.rtf;
			sourceTree = "<group>";
		};
		D48FE7781543AF5900CE438E /* MainMenu.xib */ = {
			isa = PBXVariantGroup;
			children = (
				D48FE7791543AF5900CE438E /* en */,
			);
			name = MainMenu.xib;
			sourceTree = "<group>";
		};
		D4D93AC7156CAF460060FF61 /* InfoPlist.strings */ = {
			isa = PBXVariantGroup;
			children = (
				D4D93AC8156CAF460060FF61 /* en */,
			);
			name = InfoPlist.strings;
			sourceTree = "<group>";
		};
/* End PBXVariantGroup section */

/* Begin XCBuildConfiguration section */
		D48FE77B1543AF5900CE438E /* Debug */ = {
			isa = XCBuildConfiguration;
			buildSettings = {
				ALWAYS_SEARCH_USER_PATHS = NO;
				ARCHS = "$(ARCHS_STANDARD_64_BIT)";
				CLANG_ENABLE_OBJC_ARC = YES;
				COPY_PHASE_STRIP = NO;
				GCC_C_LANGUAGE_STANDARD = gnu99;
				GCC_DYNAMIC_NO_PIC = NO;
				GCC_ENABLE_OBJC_EXCEPTIONS = YES;
				GCC_OPTIMIZATION_LEVEL = 0;
				GCC_PREPROCESSOR_DEFINITIONS = (
					"DEBUG=1",
					"$(inherited)",
				);
				GCC_SYMBOLS_PRIVATE_EXTERN = NO;
				GCC_VERSION = com.apple.compilers.llvm.clang.1_0;
				GCC_WARN_64_TO_32_BIT_CONVERSION = YES;
				GCC_WARN_ABOUT_RETURN_TYPE = YES;
				GCC_WARN_UNINITIALIZED_AUTOS = YES;
				GCC_WARN_UNUSED_VARIABLE = YES;
				MACOSX_DEPLOYMENT_TARGET = 10.7;
				ONLY_ACTIVE_ARCH = YES;
				SDKROOT = macosx;
			};
			name = Debug;
		};
		D48FE77C1543AF5900CE438E /* Release */ = {
			isa = XCBuildConfiguration;
			buildSettings = {
				ALWAYS_SEARCH_USER_PATHS = NO;
				ARCHS = "$(ARCHS_STANDARD_64_BIT)";
				CLANG_ENABLE_OBJC_ARC = YES;
				COPY_PHASE_STRIP = YES;
				DEBUG_INFORMATION_FORMAT = "dwarf-with-dsym";
				GCC_C_LANGUAGE_STANDARD = gnu99;
				GCC_ENABLE_OBJC_EXCEPTIONS = YES;
				GCC_VERSION = com.apple.compilers.llvm.clang.1_0;
				GCC_WARN_64_TO_32_BIT_CONVERSION = YES;
				GCC_WARN_ABOUT_RETURN_TYPE = YES;
				GCC_WARN_UNINITIALIZED_AUTOS = YES;
				GCC_WARN_UNUSED_VARIABLE = YES;
				MACOSX_DEPLOYMENT_TARGET = 10.7;
				SDKROOT = macosx;
			};
			name = Release;
		};
		D48FE77E1543AF5900CE438E /* Debug */ = {
			isa = XCBuildConfiguration;
			buildSettings = {
				GCC_PRECOMPILE_PREFIX_HEADER = YES;
				GCC_PREFIX_HEADER = "Triangulator/Triangulator-Prefix.pch";
				INFOPLIST_FILE = "Triangulator/Triangulator-Info.plist";
				PRODUCT_NAME = "$(TARGET_NAME)";
				WRAPPER_EXTENSION = app;
			};
			name = Debug;
		};
		D48FE77F1543AF5900CE438E /* Release */ = {
			isa = XCBuildConfiguration;
			buildSettings = {
				GCC_PRECOMPILE_PREFIX_HEADER = YES;
				GCC_PREFIX_HEADER = "Triangulator/Triangulator-Prefix.pch";
				INFOPLIST_FILE = "Triangulator/Triangulator-Info.plist";
				PRODUCT_NAME = "$(TARGET_NAME)";
				WRAPPER_EXTENSION = app;
			};
			name = Release;
		};
		D4D93ACE156CAF460060FF61 /* Debug */ = {
			isa = XCBuildConfiguration;
			buildSettings = {
				BUNDLE_LOADER = "$(BUILT_PRODUCTS_DIR)/Triangulator.app/Contents/MacOS/Triangulator";
				FRAMEWORK_SEARCH_PATHS = "$(DEVELOPER_LIBRARY_DIR)/Frameworks";
				GCC_PRECOMPILE_PREFIX_HEADER = YES;
				GCC_PREFIX_HEADER = "TriangulatorTests/TriangulatorTests-Prefix.pch";
				INFOPLIST_FILE = "TriangulatorTests/TriangulatorTests-Info.plist";
				PRODUCT_NAME = "$(TARGET_NAME)";
				TEST_HOST = "$(BUNDLE_LOADER)";
				WRAPPER_EXTENSION = octest;
			};
			name = Debug;
		};
		D4D93ACF156CAF460060FF61 /* Release */ = {
			isa = XCBuildConfiguration;
			buildSettings = {
				BUNDLE_LOADER = "$(BUILT_PRODUCTS_DIR)/Triangulator.app/Contents/MacOS/Triangulator";
				FRAMEWORK_SEARCH_PATHS = "$(DEVELOPER_LIBRARY_DIR)/Frameworks";
				GCC_PRECOMPILE_PREFIX_HEADER = YES;
				GCC_PREFIX_HEADER = "TriangulatorTests/TriangulatorTests-Prefix.pch";
				INFOPLIST_FILE = "TriangulatorTests/TriangulatorTests-Info.plist";
				PRODUCT_NAME = "$(TARGET_NAME)";
				TEST_HOST = "$(BUNDLE_LOADER)";
				WRAPPER_EXTENSION = octest;
			};
			name = Release;
		};
/* End XCBuildConfiguration section */

/* Begin XCConfigurationList section */
		D48FE7591543AF5900CE438E /* Build configuration list for PBXProject "Triangulator" */ = {
			isa = XCConfigurationList;
			buildConfigurations = (
				D48FE77B1543AF5900CE438E /* Debug */,
				D48FE77C1543AF5900CE438E /* Release */,
			);
			defaultConfigurationIsVisible = 0;
			defaultConfigurationName = Release;
		};
		D48FE77D1543AF5900CE438E /* Build configuration list for PBXNativeTarget "Triangulator" */ = {
			isa = XCConfigurationList;
			buildConfigurations = (
				D48FE77E1543AF5900CE438E /* Debug */,
				D48FE77F1543AF5900CE438E /* Release */,
			);
			defaultConfigurationIsVisible = 0;
			defaultConfigurationName = Release;
		};
		D4D93AD0156CAF460060FF61 /* Build configuration list for PBXNativeTarget "TriangulatorTests" */ = {
			isa = XCConfigurationList;
			buildConfigurations = (
				D4D93ACE156CAF460060FF61 /* Debug */,
				D4D93ACF156CAF460060FF61 /* Release */,
			);
			defaultConfigurationIsVisible = 0;
		};
/* End XCConfigurationList section */
	};
	rootObject = D48FE7561543AF5900CE438E /* Project object */;
}
